
Microsoft Visual Studio Solution File, Format Version 12.00
# Visual Studio Version 17
VisualStudioVersion = 17.3.32825.248
MinimumVisualStudioVersion = 10.0.40219.1
Project("{FAE04EC0-301F-11D3-BF4B-00C04F79EFBC}") = "ConsoleApp1", "ConsoleApp1\ConsoleApp1.csproj", "{E3EE2B5E-8122-4411-BCF4-BB494D76E12A}"
EndProject
Global
	GlobalSection(SolutionConfigurationPlatforms) = preSolution
		Debug|Any CPU = Debug|Any CPU
		Release|Any CPU = Release|Any CPU
	EndGlobalSection
	GlobalSection(ProjectConfigurationPlatforms) = postSolution
		{E3EE2B5E-8122-4411-BCF4-BB494D76E12A}.Debug|Any CPU.ActiveCfg = Debug|Any CPU
		{E3EE2B5E-8122-4411-BCF4-BB494D76E12A}.Debug|Any CPU.Build.0 = Debug|Any CPU
		{E3EE2B5E-8122-4411-BCF4-BB494D76E12A}.Release|Any CPU.ActiveCfg = Release|Any CPU
		{E3EE2B5E-8122-4411-BCF4-BB494D76E12A}.Release|Any CPU.Build.0 = Release|Any CPU
	EndGlobalSection
	GlobalSection(SolutionProperties) = preSolution
		HideSolutionNode = FALSE
	EndGlobalSection
	GlobalSection(ExtensibilityGlobals) = postSolution
		SolutionGuid = {715E89AF-9691-4E2C-81E4-207E2037132D}
	EndGlobalSection
EndGlobal
